// !$*UTF8*$!
{
	archiveVersion = 1;
	classes = {
	};
	objectVersion = 55;
	objects = {

/* Begin PBXBuildFile section */
		2A383D0F2817B7E5000BCAF0 /* RestockList in Resources */ = {isa = PBXBuildFile; fileRef = 2A383D0E2817B7E5000BCAF0 /* RestockList */; };
		2A383D112817B820000BCAF0 /* TableViewItem.swift in Sources */ = {isa = PBXBuildFile; fileRef = 2A383D102817B820000BCAF0 /* TableViewItem.swift */; };
		2A43EEDA2817B2C4001BD791 /* AppDelegate.swift in Sources */ = {isa = PBXBuildFile; fileRef = 2A43EED92817B2C4001BD791 /* AppDelegate.swift */; };
		2A43EEDC2817B2C4001BD791 /* SceneDelegate.swift in Sources */ = {isa = PBXBuildFile; fileRef = 2A43EEDB2817B2C4001BD791 /* SceneDelegate.swift */; };
		2A43EEDE2817B2C4001BD791 /* ViewController.swift in Sources */ = {isa = PBXBuildFile; fileRef = 2A43EEDD2817B2C4001BD791 /* ViewController.swift */; };
		2A43EEE12817B2C4001BD791 /* Main.storyboard in Resources */ = {isa = PBXBuildFile; fileRef = 2A43EEDF2817B2C4001BD791 /* Main.storyboard */; };
		2A43EEE32817B2C5001BD791 /* Assets.xcassets in Resources */ = {isa = PBXBuildFile; fileRef = 2A43EEE22817B2C5001BD791 /* Assets.xcassets */; };
		2A43EEE62817B2C5001BD791 /* LaunchScreen.storyboard in Resources */ = {isa = PBXBuildFile; fileRef = 2A43EEE42817B2C5001BD791 /* LaunchScreen.storyboard */; };
		2A43EEEE2817B597001BD791 /* EditProtocol.swift in Sources */ = {isa = PBXBuildFile; fileRef = 2A43EEED2817B597001BD791 /* EditProtocol.swift */; };
		2A43EEF02817B5BB001BD791 /* UpdateProtocol.swift in Sources */ = {isa = PBXBuildFile; fileRef = 2A43EEEF2817B5BB001BD791 /* UpdateProtocol.swift */; };
/* End PBXBuildFile section */

/* Begin PBXFileReference section */
		2A383D0E2817B7E5000BCAF0 /* RestockList */ = {isa = PBXFileReference; lastKnownFileType = folder; name = RestockList; sourceTree = "<group>"; };
		2A383D102817B820000BCAF0 /* TableViewItem.swift */ = {isa = PBXFileReference; lastKnownFileType = sourcecode.swift; path = TableViewItem.swift; sourceTree = "<group>"; };
		2A43EED62817B2C4001BD791 /* RestockList.app */ = {isa = PBXFileReference; explicitFileType = wrapper.application; includeInIndex = 0; path = RestockList.app; sourceTree = BUILT_PRODUCTS_DIR; };
		2A43EED92817B2C4001BD791 /* AppDelegate.swift */ = {isa = PBXFileReference; lastKnownFileType = sourcecode.swift; path = AppDelegate.swift; sourceTree = "<group>"; };
		2A43EEDB2817B2C4001BD791 /* SceneDelegate.swift */ = {isa = PBXFileReference; lastKnownFileType = sourcecode.swift; path = SceneDelegate.swift; sourceTree = "<group>"; };
		2A43EEDD2817B2C4001BD791 /* ViewController.swift */ = {isa = PBXFileReference; lastKnownFileType = sourcecode.swift; path = ViewController.swift; sourceTree = "<group>"; };
		2A43EEE02817B2C4001BD791 /* Base */ = {isa = PBXFileReference; lastKnownFileType = file.storyboard; name = Base; path = Base.lproj/Main.storyboard; sourceTree = "<group>"; };
		2A43EEE22817B2C5001BD791 /* Assets.xcassets */ = {isa = PBXFileReference; lastKnownFileType = folder.assetcatalog; path = Assets.xcassets; sourceTree = "<group>"; };
		2A43EEE52817B2C5001BD791 /* Base */ = {isa = PBXFileReference; lastKnownFileType = file.storyboard; name = Base; path = Base.lproj/LaunchScreen.storyboard; sourceTree = "<group>"; };
		2A43EEE72817B2C5001BD791 /* Info.plist */ = {isa = PBXFileReference; lastKnownFileType = text.plist.xml; path = Info.plist; sourceTree = "<group>"; };
		2A43EEED2817B597001BD791 /* EditProtocol.swift */ = {isa = PBXFileReference; lastKnownFileType = sourcecode.swift; path = EditProtocol.swift; sourceTree = "<group>"; };
		2A43EEEF2817B5BB001BD791 /* UpdateProtocol.swift */ = {isa = PBXFileReference; lastKnownFileType = sourcecode.swift; path = UpdateProtocol.swift; sourceTree = "<group>"; };
/* End PBXFileReference section */

/* Begin PBXFrameworksBuildPhase section */
		2A43EED32817B2C4001BD791 /* Frameworks */ = {
			isa = PBXFrameworksBuildPhase;
			buildActionMask = 2147483647;
			files = (
			);
			runOnlyForDeploymentPostprocessing = 0;
		};
/* End PBXFrameworksBuildPhase section */

/* Begin PBXGroup section */
		2A43EECD2817B2C4001BD791 = {
			isa = PBXGroup;
			children = (
				2A43EED82817B2C4001BD791 /* RestockList */,
				2A43EED72817B2C4001BD791 /* Products */,
			);
			sourceTree = "<group>";
		};
		2A43EED72817B2C4001BD791 /* Products */ = {
			isa = PBXGroup;
			children = (
				2A43EED62817B2C4001BD791 /* RestockList.app */,
			);
			name = Products;
			sourceTree = "<group>";
		};
		2A43EED82817B2C4001BD791 /* RestockList */ = {
			isa = PBXGroup;
			children = (
				2A43EED92817B2C4001BD791 /* AppDelegate.swift */,
				2A43EEDB2817B2C4001BD791 /* SceneDelegate.swift */,
				2A43EEED2817B597001BD791 /* EditProtocol.swift */,
				2A43EEEF2817B5BB001BD791 /* UpdateProtocol.swift */,
				2A43EEDD2817B2C4001BD791 /* ViewController.swift */,
				2A383D102817B820000BCAF0 /* TableViewItem.swift */,
				2A43EEDF2817B2C4001BD791 /* Main.storyboard */,
				2A43EEE22817B2C5001BD791 /* Assets.xcassets */,
				2A383D0E2817B7E5000BCAF0 /* RestockList */,
				2A43EEE42817B2C5001BD791 /* LaunchScreen.storyboard */,
				2A43EEE72817B2C5001BD791 /* Info.plist */,
			);
			path = RestockList;
			sourceTree = "<group>";
		};
/* End PBXGroup section */

/* Begin PBXNativeTarget section */
		2A43EED52817B2C4001BD791 /* RestockList */ = {
			isa = PBXNativeTarget;
			buildConfigurationList = 2A43EEEA2817B2C5001BD791 /* Build configuration list for PBXNativeTarget "RestockList" */;
			buildPhases = (
				2A43EED22817B2C4001BD791 /* Sources */,
				2A43EED32817B2C4001BD791 /* Frameworks */,
				2A43EED42817B2C4001BD791 /* Resources */,
			);
			buildRules = (
			);
			dependencies = (
			);
			name = RestockList;
			productName = RestockList;
			productReference = 2A43EED62817B2C4001BD791 /* RestockList.app */;
			productType = "com.apple.product-type.application";
		};
/* End PBXNativeTarget section */

/* Begin PBXProject section */
		2A43EECE2817B2C4001BD791 /* Project object */ = {
			isa = PBXProject;
			attributes = {
				BuildIndependentTargetsInParallel = 1;
				LastSwiftUpdateCheck = 1330;
				LastUpgradeCheck = 1330;
				TargetAttributes = {
					2A43EED52817B2C4001BD791 = {
						CreatedOnToolsVersion = 13.3.1;
					};
				};
			};
			buildConfigurationList = 2A43EED12817B2C4001BD791 /* Build configuration list for PBXProject "RestockList" */;
			compatibilityVersion = "Xcode 13.0";
			developmentRegion = en;
			hasScannedForEncodings = 0;
			knownRegions = (
				en,
				Base,
			);
			mainGroup = 2A43EECD2817B2C4001BD791;
			productRefGroup = 2A43EED72817B2C4001BD791 /* Products */;
			projectDirPath = "";
			projectRoot = "";
			targets = (
				2A43EED52817B2C4001BD791 /* RestockList */,
			);
		};
/* End PBXProject section */

/* Begin PBXResourcesBuildPhase section */
		2A43EED42817B2C4001BD791 /* Resources */ = {
			isa = PBXResourcesBuildPhase;
			buildActionMask = 2147483647;
			files = (
				2A43EEE62817B2C5001BD791 /* LaunchScreen.storyboard in Resources */,
				2A43EEE32817B2C5001BD791 /* Assets.xcassets in Resources */,
				2A383D0F2817B7E5000BCAF0 /* RestockList in Resources */,
				2A43EEE12817B2C4001BD791 /* Main.storyboard in Resources */,
			);
			runOnlyForDeploymentPostprocessing = 0;
		};
/* End PBXResourcesBuildPhase section */

/* Begin PBXSourcesBuildPhase section */
		2A43EED22817B2C4001BD791 /* Sources */ = {
			isa = PBXSourcesBuildPhase;
			buildActionMask = 2147483647;
			files = (
				2A43EEDE2817B2C4001BD791 /* ViewController.swift in Sources */,
				2A43EEEE2817B597001BD791 /* EditProtocol.swift in Sources */,
				2A43EEDA2817B2C4001BD791 /* AppDelegate.swift in Sources */,
				2A43EEDC2817B2C4001BD791 /* SceneDelegate.swift in Sources */,
				2A383D112817B820000BCAF0 /* TableViewItem.swift in Sources */,
				2A43EEF02817B5BB001BD791 /* UpdateProtocol.swift in Sources */,
			);
			runOnlyForDeploymentPostprocessing = 0;
		};
/* End PBXSourcesBuildPhase section */

/* Begin PBXVariantGroup section */
		2A43EEDF2817B2C4001BD791 /* Main.storyboard */ = {
			isa = PBXVariantGroup;
			children = (
				2A43EEE02817B2C4001BD791 /* Base */,
			);
			name = Main.storyboard;
			sourceTree = "<group>";
		};
		2A43EEE42817B2C5001BD791 /* LaunchScreen.storyboard */ = {
			isa = PBXVariantGroup;
			children = (
				2A43EEE52817B2C5001BD791 /* Base */,
			);
			name = LaunchScreen.storyboard;
			sourceTree = "<group>";
		};
/* End PBXVariantGroup section */

/* Begin XCBuildConfiguration section */
		2A43EEE82817B2C5001BD791 /* Debug */ = {
			isa = XCBuildConfiguration;
			buildSettings = {
				ALWAYS_SEARCH_USER_PATHS = NO;
				CLANG_ANALYZER_NONNULL = YES;
				CLANG_ANALYZER_NUMBER_OBJECT_CONVERSION = YES_AGGRESSIVE;
				CLANG_CXX_LANGUAGE_STANDARD = "gnu++17";
				CLANG_ENABLE_MODULES = YES;
				CLANG_ENABLE_OBJC_ARC = YES;
				CLANG_ENABLE_OBJC_WEAK = YES;
				CLANG_WARN_BLOCK_CAPTURE_AUTORELEASING = YES;
				CLANG_WARN_BOOL_CONVERSION = YES;
				CLANG_WARN_COMMA = YES;
				CLANG_WARN_CONSTANT_CONVERSION = YES;
				CLANG_WARN_DEPRECATED_OBJC_IMPLEMENTATIONS = YES;
				CLANG_WARN_DIRECT_OBJC_ISA_USAGE = YES_ERROR;
				CLANG_WARN_DOCUMENTATION_COMMENTS = YES;
				CLANG_WARN_EMPTY_BODY = YES;
				CLANG_WARN_ENUM_CONVERSION = YES;
				CLANG_WARN_INFINITE_RECURSION = YES;
				CLANG_WARN_INT_CONVERSION = YES;
				CLANG_WARN_NON_LITERAL_NULL_CONVERSION = YES;
				CLANG_WARN_OBJC_IMPLICIT_RETAIN_SELF = YES;
				CLANG_WARN_OBJC_LITERAL_CONVERSION = YES;
				CLANG_WARN_OBJC_ROOT_CLASS = YES_ERROR;
				CLANG_WARN_QUOTED_INCLUDE_IN_FRAMEWORK_HEADER = YES;
				CLANG_WARN_RANGE_LOOP_ANALYSIS = YES;
				CLANG_WARN_STRICT_PROTOTYPES = YES;
				CLANG_WARN_SUSPICIOUS_MOVE = YES;
				CLANG_WARN_UNGUARDED_AVAILABILITY = YES_AGGRESSIVE;
				CLANG_WARN_UNREACHABLE_CODE = YES;
				CLANG_WARN__DUPLICATE_METHOD_MATCH = YES;
				COPY_PHASE_STRIP = NO;
				DEBUG_INFORMATION_FORMAT = dwarf;
				ENABLE_STRICT_OBJC_MSGSEND = YES;
				ENABLE_TESTABILITY = YES;
				GCC_C_LANGUAGE_STANDARD = gnu11;
				GCC_DYNAMIC_NO_PIC = NO;
				GCC_NO_COMMON_BLOCKS = YES;
				GCC_OPTIMIZATION_LEVEL = 0;
				GCC_PREPROCESSOR_DEFINITIONS = (
					"DEBUG=1",
					"$(inherited)",
				);
				GCC_WARN_64_TO_32_BIT_CONVERSION = YES;
				GCC_WARN_ABOUT_RETURN_TYPE = YES_ERROR;
				GCC_WARN_UNDECLARED_SELECTOR = YES;
				GCC_WARN_UNINITIALIZED_AUTOS = YES_AGGRESSIVE;
				GCC_WARN_UNUSED_FUNCTION = YES;
				GCC_WARN_UNUSED_VARIABLE = YES;
				IPHONEOS_DEPLOYMENT_TARGET = 15.0;
				MTL_ENABLE_DEBUG_INFO = INCLUDE_SOURCE;
				MTL_FAST_MATH = YES;
				ONLY_ACTIVE_ARCH = YES;
				SDKROOT = iphoneos;
				SWIFT_ACTIVE_COMPILATION_CONDITIONS = DEBUG;
				SWIFT_OPTIMIZATION_LEVEL = "-Onone";
			};
			name = Debug;
		};
		2A43EEE92817B2C5001BD791 /* Release */ = {
			isa = XCBuildConfiguration;
			buildSettings = {
				ALWAYS_SEARCH_USER_PATHS = NO;
				CLANG_ANALYZER_NONNULL = YES;
				CLANG_ANALYZER_NUMBER_OBJECT_CONVERSION = YES_AGGRESSIVE;
				CLANG_CXX_LANGUAGE_STANDARD = "gnu++17";
				CLANG_ENABLE_MODULES = YES;
				CLANG_ENABLE_OBJC_ARC = YES;
				CLANG_ENABLE_OBJC_WEAK = YES;
				CLANG_WARN_BLOCK_CAPTURE_AUTORELEASING = YES;
				CLANG_WARN_BOOL_CONVERSION = YES;
				CLANG_WARN_COMMA = YES;
				CLANG_WARN_CONSTANT_CONVERSION = YES;
				CLANG_WARN_DEPRECATED_OBJC_IMPLEMENTATIONS = YES;
				CLANG_WARN_DIRECT_OBJC_ISA_USAGE = YES_ERROR;
				CLANG_WARN_DOCUMENTATION_COMMENTS = YES;
				CLANG_WARN_EMPTY_BODY = YES;
				CLANG_WARN_ENUM_CONVERSION = YES;
				CLANG_WARN_INFINITE_RECURSION = YES;
				CLANG_WARN_INT_CONVERSION = YES;
				CLANG_WARN_NON_LITERAL_NULL_CONVERSION = YES;
				CLANG_WARN_OBJC_IMPLICIT_RETAIN_SELF = YES;
				CLANG_WARN_OBJC_LITERAL_CONVERSION = YES;
				CLANG_WARN_OBJC_ROOT_CLASS = YES_ERROR;
				CLANG_WARN_QUOTED_INCLUDE_IN_FRAMEWORK_HEADER = YES;
				CLANG_WARN_RANGE_LOOP_ANALYSIS = YES;
				CLANG_WARN_STRICT_PROTOTYPES = YES;
				CLANG_WARN_SUSPICIOUS_MOVE = YES;
				CLANG_WARN_UNGUARDED_AVAILABILITY = YES_AGGRESSIVE;
				CLANG_WARN_UNREACHABLE_CODE = YES;
				CLANG_WARN__DUPLICATE_METHOD_MATCH = YES;
				COPY_PHASE_STRIP = NO;
				DEBUG_INFORMATION_FORMAT = "dwarf-with-dsym";
				ENABLE_NS_ASSERTIONS = NO;
				ENABLE_STRICT_OBJC_MSGSEND = YES;
				GCC_C_LANGUAGE_STANDARD = gnu11;
				GCC_NO_COMMON_BLOCKS = YES;
				GCC_WARN_64_TO_32_BIT_CONVERSION = YES;
				GCC_WARN_ABOUT_RETURN_TYPE = YES_ERROR;
				GCC_WARN_UNDECLARED_SELECTOR = YES;
				GCC_WARN_UNINITIALIZED_AUTOS = YES_AGGRESSIVE;
				GCC_WARN_UNUSED_FUNCTION = YES;
				GCC_WARN_UNUSED_VARIABLE = YES;
				IPHONEOS_DEPLOYMENT_TARGET = 15.0;
				MTL_ENABLE_DEBUG_INFO = NO;
				MTL_FAST_MATH = YES;
				SDKROOT = iphoneos;
				SWIFT_COMPILATION_MODE = wholemodule;
				SWIFT_OPTIMIZATION_LEVEL = "-O";
				VALIDATE_PRODUCT = YES;
			};
			name = Release;
		};
		2A43EEEB2817B2C5001BD791 /* Debug */ = {
			isa = XCBuildConfiguration;
			buildSettings = {
				ASSETCATALOG_COMPILER_APPICON_NAME = AppIcon;
				ASSETCATALOG_COMPILER_GLOBAL_ACCENT_COLOR_NAME = AccentColor;
				CODE_SIGN_STYLE = Automatic;
				CURRENT_PROJECT_VERSION = 1;
				DEVELOPMENT_TEAM = 4WXTDSDQPZ;
				GENERATE_INFOPLIST_FILE = YES;
				INFOPLIST_FILE = RestockList/Info.plist;
				INFOPLIST_KEY_UIApplicationSupportsIndirectInputEvents = YES;
				INFOPLIST_KEY_UILaunchStoryboardName = LaunchScreen;
				INFOPLIST_KEY_UIMainStoryboardFile = Main;
				INFOPLIST_KEY_UISupportedInterfaceOrientations_iPad = "UIInterfaceOrientationPortrait UIInterfaceOrientationPortraitUpsideDown UIInterfaceOrientationLandscapeLeft UIInterfaceOrientationLandscapeRight";
				INFOPLIST_KEY_UISupportedInterfaceOrientations_iPhone = UIInterfaceOrientationPortrait;
				IPHONEOS_DEPLOYMENT_TARGET = 15.0;
				LD_RUNPATH_SEARCH_PATHS = (
					"$(inherited)",
					"@executable_path/Frameworks",
				);
				MARKETING_VERSION = 1.0;
				PRODUCT_BUNDLE_IDENTIFIER = com.yazujumusa.RestockList;
				PRODUCT_NAME = "$(TARGET_NAME)";
				SWIFT_EMIT_LOC_STRINGS = YES;
				SWIFT_VERSION = 5.0;
				TARGETED_DEVICE_FAMILY = "1,2";
			};
			name = Debug;
		};
		2A43EEEC2817B2C5001BD791 /* Release */ = {
			isa = XCBuildConfiguration;
			buildSettings = {
				ASSETCATALOG_COMPILER_APPICON_NAME = AppIcon;
				ASSETCATALOG_COMPILER_GLOBAL_ACCENT_COLOR_NAME = AccentColor;
				CODE_SIGN_STYLE = Automatic;
				CURRENT_PROJECT_VERSION = 1;
				DEVELOPMENT_TEAM = 4WXTDSDQPZ;
				GENERATE_INFOPLIST_FILE = YES;
				INFOPLIST_FILE = RestockList/Info.plist;
				INFOPLIST_KEY_UIApplicationSupportsIndirectInputEvents = YES;
				INFOPLIST_KEY_UILaunchStoryboardName = LaunchScreen;
				INFOPLIST_KEY_UIMainStoryboardFile = Main;
				INFOPLIST_KEY_UISupportedInterfaceOrientations_iPad = "UIInterfaceOrientationPortrait UIInterfaceOrientationPortraitUpsideDown UIInterfaceOrientationLandscapeLeft UIInterfaceOrientationLandscapeRight";
				INFOPLIST_KEY_UISupportedInterfaceOrientations_iPhone = UIInterfaceOrientationPortrait;
				IPHONEOS_DEPLOYMENT_TARGET = 15.0;
				LD_RUNPATH_SEARCH_PATHS = (
					"$(inherited)",
					"@executable_path/Frameworks",
				);
				MARKETING_VERSION = 1.0;
				PRODUCT_BUNDLE_IDENTIFIER = com.yazujumusa.RestockList;
				PRODUCT_NAME = "$(TARGET_NAME)";
				SWIFT_EMIT_LOC_STRINGS = YES;
				SWIFT_VERSION = 5.0;
				TARGETED_DEVICE_FAMILY = "1,2";
			};
			name = Release;
		};
/* End XCBuildConfiguration section */

/* Begin XCConfigurationList section */
		2A43EED12817B2C4001BD791 /* Build configuration list for PBXProject "RestockList" */ = {
			isa = XCConfigurationList;
			buildConfigurations = (
				2A43EEE82817B2C5001BD791 /* Debug */,
				2A43EEE92817B2C5001BD791 /* Release */,
			);
			defaultConfigurationIsVisible = 0;
			defaultConfigurationName = Release;
		};
		2A43EEEA2817B2C5001BD791 /* Build configuration list for PBXNativeTarget "RestockList" */ = {
			isa = XCConfigurationList;
			buildConfigurations = (
				2A43EEEB2817B2C5001BD791 /* Debug */,
				2A43EEEC2817B2C5001BD791 /* Release */,
			);
			defaultConfigurationIsVisible = 0;
			defaultConfigurationName = Release;
		};
/* End XCConfigurationList section */
	};
	rootObject = 2A43EECE2817B2C4001BD791 /* Project object */;
}
