// !$*UTF8*$!
{
	archiveVersion = 1;
	classes = {
	};
	objectVersion = 55;
	objects = {

/* Begin PBXBuildFile section */
		2A013624281A7F4B0083402F /* RealmSwift in Frameworks */ = {isa = PBXBuildFile; productRef = 2A013623281A7F4B0083402F /* RealmSwift */; };
		2A013626281A7F500083402F /* Realm in Frameworks */ = {isa = PBXBuildFile; productRef = 2A013625281A7F500083402F /* Realm */; };
		2A0D5B3928266BDD002F1542 /* RevenueCat in Frameworks */ = {isa = PBXBuildFile; productRef = 2A0D5B3828266BDD002F1542 /* RevenueCat */; };
		2A0D5B3D28269385002F1542 /* StoreKit.framework in Frameworks */ = {isa = PBXBuildFile; fileRef = 2A0D5B3C28269385002F1542 /* StoreKit.framework */; };
		2A11AD022819696E00170751 /* WidgetKit.framework in Frameworks */ = {isa = PBXBuildFile; fileRef = 2A11AD012819696E00170751 /* WidgetKit.framework */; };
		2A11AD042819696E00170751 /* SwiftUI.framework in Frameworks */ = {isa = PBXBuildFile; fileRef = 2A11AD032819696E00170751 /* SwiftUI.framework */; };
		2A11AD072819696E00170751 /* RestockListWidget.swift in Sources */ = {isa = PBXBuildFile; fileRef = 2A11AD062819696E00170751 /* RestockListWidget.swift */; };
		2A11AD0A2819696F00170751 /* Assets.xcassets in Resources */ = {isa = PBXBuildFile; fileRef = 2A11AD092819696F00170751 /* Assets.xcassets */; };
		2A11AD0C2819696F00170751 /* RestockListWidget.intentdefinition in Sources */ = {isa = PBXBuildFile; fileRef = 2A11AD082819696E00170751 /* RestockListWidget.intentdefinition */; };
		2A11AD0D2819696F00170751 /* RestockListWidget.intentdefinition in Sources */ = {isa = PBXBuildFile; fileRef = 2A11AD082819696E00170751 /* RestockListWidget.intentdefinition */; };
		2A11AD102819696F00170751 /* RestockListWidgetExtension.appex in Embed App Extensions */ = {isa = PBXBuildFile; fileRef = 2A11ACFF2819696E00170751 /* RestockListWidgetExtension.appex */; settings = {ATTRIBUTES = (RemoveHeadersOnCopy, ); }; };
		2A383D112817B820000BCAF0 /* Item.swift in Sources */ = {isa = PBXBuildFile; fileRef = 2A383D102817B820000BCAF0 /* Item.swift */; };
		2A383D172817BD55000BCAF0 /* Bitmap@2x.png in Resources */ = {isa = PBXBuildFile; fileRef = 2A383D142817BD55000BCAF0 /* Bitmap@2x.png */; };
		2A383D182817BD55000BCAF0 /* Bitmap@3x.png in Resources */ = {isa = PBXBuildFile; fileRef = 2A383D152817BD55000BCAF0 /* Bitmap@3x.png */; };
		2A383D192817BD55000BCAF0 /* Bitmap.png in Resources */ = {isa = PBXBuildFile; fileRef = 2A383D162817BD55000BCAF0 /* Bitmap.png */; };
		2A43EEDA2817B2C4001BD791 /* AppDelegate.swift in Sources */ = {isa = PBXBuildFile; fileRef = 2A43EED92817B2C4001BD791 /* AppDelegate.swift */; };
		2A43EEDC2817B2C4001BD791 /* SceneDelegate.swift in Sources */ = {isa = PBXBuildFile; fileRef = 2A43EEDB2817B2C4001BD791 /* SceneDelegate.swift */; };
		2A43EEDE2817B2C4001BD791 /* TableViewController.swift in Sources */ = {isa = PBXBuildFile; fileRef = 2A43EEDD2817B2C4001BD791 /* TableViewController.swift */; };
		2A43EEE12817B2C4001BD791 /* Main.storyboard in Resources */ = {isa = PBXBuildFile; fileRef = 2A43EEDF2817B2C4001BD791 /* Main.storyboard */; };
		2A43EEE32817B2C5001BD791 /* Assets.xcassets in Resources */ = {isa = PBXBuildFile; fileRef = 2A43EEE22817B2C5001BD791 /* Assets.xcassets */; };
		2A43EEE62817B2C5001BD791 /* LaunchScreen.storyboard in Resources */ = {isa = PBXBuildFile; fileRef = 2A43EEE42817B2C5001BD791 /* LaunchScreen.storyboard */; };
		2A43EEEE2817B597001BD791 /* EditProtocol.swift in Sources */ = {isa = PBXBuildFile; fileRef = 2A43EEED2817B597001BD791 /* EditProtocol.swift */; };
		2A43EEF02817B5BB001BD791 /* UpdateProtocol.swift in Sources */ = {isa = PBXBuildFile; fileRef = 2A43EEEF2817B5BB001BD791 /* UpdateProtocol.swift */; };
		2A45CF7D281BC74000671727 /* Item.swift in Sources */ = {isa = PBXBuildFile; fileRef = 2A383D102817B820000BCAF0 /* Item.swift */; };
		2A55FE41281D151600380AF0 /* NotificationViewController.swift in Sources */ = {isa = PBXBuildFile; fileRef = 2A55FE40281D151600380AF0 /* NotificationViewController.swift */; };
		2A628C2528200D2E00952956 /* ProViewController.swift in Sources */ = {isa = PBXBuildFile; fileRef = 2A628C2428200D2E00952956 /* ProViewController.swift */; };
		2A628C272820A88E00952956 /* Tutorial1ViewController.swift in Sources */ = {isa = PBXBuildFile; fileRef = 2A628C262820A88E00952956 /* Tutorial1ViewController.swift */; };
		2A628C292820A8A300952956 /* Tutorial2ViewController.swift in Sources */ = {isa = PBXBuildFile; fileRef = 2A628C282820A8A300952956 /* Tutorial2ViewController.swift */; };
		2A628C2B2820A8B000952956 /* Tutorial3ViewController.swift in Sources */ = {isa = PBXBuildFile; fileRef = 2A628C2A2820A8B000952956 /* Tutorial3ViewController.swift */; };
		2A628C2D2820A8BD00952956 /* Tutorial4ViewController.swift in Sources */ = {isa = PBXBuildFile; fileRef = 2A628C2C2820A8BD00952956 /* Tutorial4ViewController.swift */; };
		2A628C2F2820A95100952956 /* PageViewController.swift in Sources */ = {isa = PBXBuildFile; fileRef = 2A628C2E2820A95100952956 /* PageViewController.swift */; };
		2A628C312821055300952956 /* realm.swift in Sources */ = {isa = PBXBuildFile; fileRef = 2A628C302821055300952956 /* realm.swift */; };
		2A628C32282107BB00952956 /* realm.swift in Sources */ = {isa = PBXBuildFile; fileRef = 2A628C302821055300952956 /* realm.swift */; };
		2A935CB92818EEE7001D9ED1 /* SettingViewController.swift in Sources */ = {isa = PBXBuildFile; fileRef = 2A935CB82818EEE7001D9ED1 /* SettingViewController.swift */; };
		2A967C11281EBCBF002A2210 /* ThemeViewController.swift in Sources */ = {isa = PBXBuildFile; fileRef = 2A967C10281EBCBF002A2210 /* ThemeViewController.swift */; };
		2A9A8191281E6F6900186477 /* IconViewController.swift in Sources */ = {isa = PBXBuildFile; fileRef = 2A9A8190281E6F6900186477 /* IconViewController.swift */; };
		2A9A8193281E6FB000186477 /* IconCell.swift in Sources */ = {isa = PBXBuildFile; fileRef = 2A9A8192281E6FB000186477 /* IconCell.swift */; };
		2ACEE1112817FF1E001F84D4 /* TableViewCell.swift in Sources */ = {isa = PBXBuildFile; fileRef = 2ACEE1102817FF1E001F84D4 /* TableViewCell.swift */; };
		2ACEE1132817FF38001F84D4 /* AddViewController.swift in Sources */ = {isa = PBXBuildFile; fileRef = 2ACEE1122817FF38001F84D4 /* AddViewController.swift */; };
		2ACEE1152817FF51001F84D4 /* EditViewController.swift in Sources */ = {isa = PBXBuildFile; fileRef = 2ACEE1142817FF51001F84D4 /* EditViewController.swift */; };
		2ACEE11828180067001F84D4 /* RealmSwift in Frameworks */ = {isa = PBXBuildFile; productRef = 2ACEE11728180067001F84D4 /* RealmSwift */; };
/* End PBXBuildFile section */

/* Begin PBXContainerItemProxy section */
		2A11AD0E2819696F00170751 /* PBXContainerItemProxy */ = {
			isa = PBXContainerItemProxy;
			containerPortal = 2A43EECE2817B2C4001BD791 /* Project object */;
			proxyType = 1;
			remoteGlobalIDString = 2A11ACFE2819696E00170751;
			remoteInfo = RestockListWidgetExtension;
		};
/* End PBXContainerItemProxy section */

/* Begin PBXCopyFilesBuildPhase section */
		2A11AD112819696F00170751 /* Embed App Extensions */ = {
			isa = PBXCopyFilesBuildPhase;
			buildActionMask = 2147483647;
			dstPath = "";
			dstSubfolderSpec = 13;
			files = (
				2A11AD102819696F00170751 /* RestockListWidgetExtension.appex in Embed App Extensions */,
			);
			name = "Embed App Extensions";
			runOnlyForDeploymentPostprocessing = 0;
		};
/* End PBXCopyFilesBuildPhase section */

/* Begin PBXFileReference section */
		2A0D5B3C28269385002F1542 /* StoreKit.framework */ = {isa = PBXFileReference; lastKnownFileType = wrapper.framework; name = StoreKit.framework; path = System/Library/Frameworks/StoreKit.framework; sourceTree = SDKROOT; };
		2A11ACFF2819696E00170751 /* RestockListWidgetExtension.appex */ = {isa = PBXFileReference; explicitFileType = "wrapper.app-extension"; includeInIndex = 0; path = RestockListWidgetExtension.appex; sourceTree = BUILT_PRODUCTS_DIR; };
		2A11AD012819696E00170751 /* WidgetKit.framework */ = {isa = PBXFileReference; lastKnownFileType = wrapper.framework; name = WidgetKit.framework; path = System/Library/Frameworks/WidgetKit.framework; sourceTree = SDKROOT; };
		2A11AD032819696E00170751 /* SwiftUI.framework */ = {isa = PBXFileReference; lastKnownFileType = wrapper.framework; name = SwiftUI.framework; path = System/Library/Frameworks/SwiftUI.framework; sourceTree = SDKROOT; };
		2A11AD062819696E00170751 /* RestockListWidget.swift */ = {isa = PBXFileReference; lastKnownFileType = sourcecode.swift; path = RestockListWidget.swift; sourceTree = "<group>"; };
		2A11AD082819696E00170751 /* RestockListWidget.intentdefinition */ = {isa = PBXFileReference; lastKnownFileType = file.intentdefinition; path = RestockListWidget.intentdefinition; sourceTree = "<group>"; };
		2A11AD092819696F00170751 /* Assets.xcassets */ = {isa = PBXFileReference; lastKnownFileType = folder.assetcatalog; path = Assets.xcassets; sourceTree = "<group>"; };
		2A11AD0B2819696F00170751 /* Info.plist */ = {isa = PBXFileReference; lastKnownFileType = text.plist.xml; path = Info.plist; sourceTree = "<group>"; };
		2A383D102817B820000BCAF0 /* Item.swift */ = {isa = PBXFileReference; lastKnownFileType = sourcecode.swift; path = Item.swift; sourceTree = "<group>"; };
		2A383D142817BD55000BCAF0 /* Bitmap@2x.png */ = {isa = PBXFileReference; lastKnownFileType = image.png; path = "Bitmap@2x.png"; sourceTree = "<group>"; };
		2A383D152817BD55000BCAF0 /* Bitmap@3x.png */ = {isa = PBXFileReference; lastKnownFileType = image.png; path = "Bitmap@3x.png"; sourceTree = "<group>"; };
		2A383D162817BD55000BCAF0 /* Bitmap.png */ = {isa = PBXFileReference; lastKnownFileType = image.png; path = Bitmap.png; sourceTree = "<group>"; };
		2A43EED62817B2C4001BD791 /* RestockList.app */ = {isa = PBXFileReference; explicitFileType = wrapper.application; includeInIndex = 0; path = RestockList.app; sourceTree = BUILT_PRODUCTS_DIR; };
		2A43EED92817B2C4001BD791 /* AppDelegate.swift */ = {isa = PBXFileReference; lastKnownFileType = sourcecode.swift; path = AppDelegate.swift; sourceTree = "<group>"; };
		2A43EEDB2817B2C4001BD791 /* SceneDelegate.swift */ = {isa = PBXFileReference; lastKnownFileType = sourcecode.swift; path = SceneDelegate.swift; sourceTree = "<group>"; };
		2A43EEDD2817B2C4001BD791 /* TableViewController.swift */ = {isa = PBXFileReference; lastKnownFileType = sourcecode.swift; path = TableViewController.swift; sourceTree = "<group>"; };
		2A43EEE02817B2C4001BD791 /* Base */ = {isa = PBXFileReference; lastKnownFileType = file.storyboard; name = Base; path = Base.lproj/Main.storyboard; sourceTree = "<group>"; };
		2A43EEE22817B2C5001BD791 /* Assets.xcassets */ = {isa = PBXFileReference; lastKnownFileType = folder.assetcatalog; path = Assets.xcassets; sourceTree = "<group>"; };
		2A43EEE52817B2C5001BD791 /* Base */ = {isa = PBXFileReference; lastKnownFileType = file.storyboard; name = Base; path = Base.lproj/LaunchScreen.storyboard; sourceTree = "<group>"; };
		2A43EEE72817B2C5001BD791 /* Info.plist */ = {isa = PBXFileReference; lastKnownFileType = text.plist.xml; path = Info.plist; sourceTree = "<group>"; };
		2A43EEED2817B597001BD791 /* EditProtocol.swift */ = {isa = PBXFileReference; lastKnownFileType = sourcecode.swift; path = EditProtocol.swift; sourceTree = "<group>"; };
		2A43EEEF2817B5BB001BD791 /* UpdateProtocol.swift */ = {isa = PBXFileReference; lastKnownFileType = sourcecode.swift; path = UpdateProtocol.swift; sourceTree = "<group>"; };
		2A55FE40281D151600380AF0 /* NotificationViewController.swift */ = {isa = PBXFileReference; lastKnownFileType = sourcecode.swift; path = NotificationViewController.swift; sourceTree = "<group>"; };
		2A628C2428200D2E00952956 /* ProViewController.swift */ = {isa = PBXFileReference; lastKnownFileType = sourcecode.swift; path = ProViewController.swift; sourceTree = "<group>"; };
		2A628C262820A88E00952956 /* Tutorial1ViewController.swift */ = {isa = PBXFileReference; lastKnownFileType = sourcecode.swift; path = Tutorial1ViewController.swift; sourceTree = "<group>"; };
		2A628C282820A8A300952956 /* Tutorial2ViewController.swift */ = {isa = PBXFileReference; lastKnownFileType = sourcecode.swift; path = Tutorial2ViewController.swift; sourceTree = "<group>"; };
		2A628C2A2820A8B000952956 /* Tutorial3ViewController.swift */ = {isa = PBXFileReference; lastKnownFileType = sourcecode.swift; path = Tutorial3ViewController.swift; sourceTree = "<group>"; };
		2A628C2C2820A8BD00952956 /* Tutorial4ViewController.swift */ = {isa = PBXFileReference; lastKnownFileType = sourcecode.swift; path = Tutorial4ViewController.swift; sourceTree = "<group>"; };
		2A628C2E2820A95100952956 /* PageViewController.swift */ = {isa = PBXFileReference; lastKnownFileType = sourcecode.swift; path = PageViewController.swift; sourceTree = "<group>"; };
		2A628C302821055300952956 /* realm.swift */ = {isa = PBXFileReference; lastKnownFileType = sourcecode.swift; path = realm.swift; sourceTree = "<group>"; };
		2A935CB82818EEE7001D9ED1 /* SettingViewController.swift */ = {isa = PBXFileReference; lastKnownFileType = sourcecode.swift; path = SettingViewController.swift; sourceTree = "<group>"; };
		2A967C10281EBCBF002A2210 /* ThemeViewController.swift */ = {isa = PBXFileReference; lastKnownFileType = sourcecode.swift; path = ThemeViewController.swift; sourceTree = "<group>"; };
		2A9A8190281E6F6900186477 /* IconViewController.swift */ = {isa = PBXFileReference; lastKnownFileType = sourcecode.swift; path = IconViewController.swift; sourceTree = "<group>"; };
		2A9A8192281E6FB000186477 /* IconCell.swift */ = {isa = PBXFileReference; lastKnownFileType = sourcecode.swift; path = IconCell.swift; sourceTree = "<group>"; };
		2AB9A282281C331B00698C11 /* RestockList.entitlements */ = {isa = PBXFileReference; lastKnownFileType = text.plist.entitlements; path = RestockList.entitlements; sourceTree = "<group>"; };
		2AB9A283281C332200698C11 /* RestockListWidgetExtension.entitlements */ = {isa = PBXFileReference; lastKnownFileType = text.plist.entitlements; path = RestockListWidgetExtension.entitlements; sourceTree = "<group>"; };
		2ACEE1102817FF1E001F84D4 /* TableViewCell.swift */ = {isa = PBXFileReference; lastKnownFileType = sourcecode.swift; path = TableViewCell.swift; sourceTree = "<group>"; };
		2ACEE1122817FF38001F84D4 /* AddViewController.swift */ = {isa = PBXFileReference; lastKnownFileType = sourcecode.swift; path = AddViewController.swift; sourceTree = "<group>"; };
		2ACEE1142817FF51001F84D4 /* EditViewController.swift */ = {isa = PBXFileReference; lastKnownFileType = sourcecode.swift; path = EditViewController.swift; sourceTree = "<group>"; };
/* End PBXFileReference section */

/* Begin PBXFrameworksBuildPhase section */
		2A11ACFC2819696E00170751 /* Frameworks */ = {
			isa = PBXFrameworksBuildPhase;
			buildActionMask = 2147483647;
			files = (
				2A013624281A7F4B0083402F /* RealmSwift in Frameworks */,
				2A11AD042819696E00170751 /* SwiftUI.framework in Frameworks */,
				2A013626281A7F500083402F /* Realm in Frameworks */,
				2A11AD022819696E00170751 /* WidgetKit.framework in Frameworks */,
			);
			runOnlyForDeploymentPostprocessing = 0;
		};
		2A43EED32817B2C4001BD791 /* Frameworks */ = {
			isa = PBXFrameworksBuildPhase;
			buildActionMask = 2147483647;
			files = (
				2A0D5B3D28269385002F1542 /* StoreKit.framework in Frameworks */,
				2A0D5B3928266BDD002F1542 /* RevenueCat in Frameworks */,
				2ACEE11828180067001F84D4 /* RealmSwift in Frameworks */,
			);
			runOnlyForDeploymentPostprocessing = 0;
		};
/* End PBXFrameworksBuildPhase section */

/* Begin PBXGroup section */
		2A11AD002819696E00170751 /* Frameworks */ = {
			isa = PBXGroup;
			children = (
				2A0D5B3C28269385002F1542 /* StoreKit.framework */,
				2A11AD012819696E00170751 /* WidgetKit.framework */,
				2A11AD032819696E00170751 /* SwiftUI.framework */,
			);
			name = Frameworks;
			sourceTree = "<group>";
		};
		2A11AD052819696E00170751 /* RestockListWidget */ = {
			isa = PBXGroup;
			children = (
				2A11AD062819696E00170751 /* RestockListWidget.swift */,
				2A11AD082819696E00170751 /* RestockListWidget.intentdefinition */,
				2A11AD092819696F00170751 /* Assets.xcassets */,
				2A11AD0B2819696F00170751 /* Info.plist */,
			);
			path = RestockListWidget;
			sourceTree = "<group>";
		};
		2A383D132817BD39000BCAF0 /* Images */ = {
			isa = PBXGroup;
			children = (
				2A383D162817BD55000BCAF0 /* Bitmap.png */,
				2A383D142817BD55000BCAF0 /* Bitmap@2x.png */,
				2A383D152817BD55000BCAF0 /* Bitmap@3x.png */,
			);
			path = Images;
			sourceTree = "<group>";
		};
		2A43EECD2817B2C4001BD791 = {
			isa = PBXGroup;
			children = (
				2AB9A283281C332200698C11 /* RestockListWidgetExtension.entitlements */,
				2A43EED82817B2C4001BD791 /* RestockList */,
				2A11AD052819696E00170751 /* RestockListWidget */,
				2A11AD002819696E00170751 /* Frameworks */,
				2A43EED72817B2C4001BD791 /* Products */,
			);
			sourceTree = "<group>";
		};
		2A43EED72817B2C4001BD791 /* Products */ = {
			isa = PBXGroup;
			children = (
				2A43EED62817B2C4001BD791 /* RestockList.app */,
				2A11ACFF2819696E00170751 /* RestockListWidgetExtension.appex */,
			);
			name = Products;
			sourceTree = "<group>";
		};
		2A43EED82817B2C4001BD791 /* RestockList */ = {
			isa = PBXGroup;
			children = (
				2AB9A282281C331B00698C11 /* RestockList.entitlements */,
				2A43EED92817B2C4001BD791 /* AppDelegate.swift */,
				2A43EEDB2817B2C4001BD791 /* SceneDelegate.swift */,
				2ACEE11D281831AB001F84D4 /* Model */,
				2ACEE11C28183171001F84D4 /* View */,
				2ACEE11B2818311B001F84D4 /* Controller */,
				2A383D132817BD39000BCAF0 /* Images */,
				2A43EEE22817B2C5001BD791 /* Assets.xcassets */,
				2A43EEE72817B2C5001BD791 /* Info.plist */,
			);
			path = RestockList;
			sourceTree = "<group>";
		};
		2ACEE11B2818311B001F84D4 /* Controller */ = {
			isa = PBXGroup;
			children = (
				2A628C2428200D2E00952956 /* ProViewController.swift */,
				2ACEE1122817FF38001F84D4 /* AddViewController.swift */,
				2A9A8190281E6F6900186477 /* IconViewController.swift */,
				2ACEE1142817FF51001F84D4 /* EditViewController.swift */,
				2A628C2E2820A95100952956 /* PageViewController.swift */,
				2A43EEDD2817B2C4001BD791 /* TableViewController.swift */,
				2A967C10281EBCBF002A2210 /* ThemeViewController.swift */,
				2A935CB82818EEE7001D9ED1 /* SettingViewController.swift */,
				2A628C262820A88E00952956 /* Tutorial1ViewController.swift */,
				2A628C282820A8A300952956 /* Tutorial2ViewController.swift */,
				2A628C2A2820A8B000952956 /* Tutorial3ViewController.swift */,
				2A628C2C2820A8BD00952956 /* Tutorial4ViewController.swift */,
				2A55FE40281D151600380AF0 /* NotificationViewController.swift */,
			);
			path = Controller;
			sourceTree = "<group>";
		};
		2ACEE11C28183171001F84D4 /* View */ = {
			isa = PBXGroup;
			children = (
				2A43EEDF2817B2C4001BD791 /* Main.storyboard */,
				2A43EEE42817B2C5001BD791 /* LaunchScreen.storyboard */,
			);
			path = View;
			sourceTree = "<group>";
		};
		2ACEE11D281831AB001F84D4 /* Model */ = {
			isa = PBXGroup;
			children = (
				2A43EEED2817B597001BD791 /* EditProtocol.swift */,
				2A43EEEF2817B5BB001BD791 /* UpdateProtocol.swift */,
				2ACEE1102817FF1E001F84D4 /* TableViewCell.swift */,
				2A9A8192281E6FB000186477 /* IconCell.swift */,
				2A628C302821055300952956 /* realm.swift */,
				2A383D102817B820000BCAF0 /* Item.swift */,
			);
			path = Model;
			sourceTree = "<group>";
		};
/* End PBXGroup section */

/* Begin PBXNativeTarget section */
		2A11ACFE2819696E00170751 /* RestockListWidgetExtension */ = {
			isa = PBXNativeTarget;
			buildConfigurationList = 2A11AD142819696F00170751 /* Build configuration list for PBXNativeTarget "RestockListWidgetExtension" */;
			buildPhases = (
				2A11ACFB2819696E00170751 /* Sources */,
				2A11ACFC2819696E00170751 /* Frameworks */,
				2A11ACFD2819696E00170751 /* Resources */,
			);
			buildRules = (
			);
			dependencies = (
			);
			name = RestockListWidgetExtension;
			packageProductDependencies = (
				2A013623281A7F4B0083402F /* RealmSwift */,
				2A013625281A7F500083402F /* Realm */,
			);
			productName = RestockListWidgetExtension;
			productReference = 2A11ACFF2819696E00170751 /* RestockListWidgetExtension.appex */;
			productType = "com.apple.product-type.app-extension";
		};
		2A43EED52817B2C4001BD791 /* RestockList */ = {
			isa = PBXNativeTarget;
			buildConfigurationList = 2A43EEEA2817B2C5001BD791 /* Build configuration list for PBXNativeTarget "RestockList" */;
			buildPhases = (
				2A43EED22817B2C4001BD791 /* Sources */,
				2A43EED32817B2C4001BD791 /* Frameworks */,
				2A43EED42817B2C4001BD791 /* Resources */,
				2A11AD112819696F00170751 /* Embed App Extensions */,
			);
			buildRules = (
			);
			dependencies = (
				2A11AD0F2819696F00170751 /* PBXTargetDependency */,
			);
			name = RestockList;
			packageProductDependencies = (
				2ACEE11728180067001F84D4 /* RealmSwift */,
				2A0D5B3828266BDD002F1542 /* RevenueCat */,
			);
			productName = RestockList;
			productReference = 2A43EED62817B2C4001BD791 /* RestockList.app */;
			productType = "com.apple.product-type.application";
		};
/* End PBXNativeTarget section */

/* Begin PBXProject section */
		2A43EECE2817B2C4001BD791 /* Project object */ = {
			isa = PBXProject;
			attributes = {
				BuildIndependentTargetsInParallel = 1;
				LastSwiftUpdateCheck = 1330;
				LastUpgradeCheck = 1330;
				TargetAttributes = {
					2A11ACFE2819696E00170751 = {
						CreatedOnToolsVersion = 13.3.1;
					};
					2A43EED52817B2C4001BD791 = {
						CreatedOnToolsVersion = 13.3.1;
					};
				};
			};
			buildConfigurationList = 2A43EED12817B2C4001BD791 /* Build configuration list for PBXProject "RestockList" */;
			compatibilityVersion = "Xcode 13.0";
			developmentRegion = en;
			hasScannedForEncodings = 0;
			knownRegions = (
				en,
				Base,
			);
			mainGroup = 2A43EECD2817B2C4001BD791;
			packageReferences = (
				2ACEE11628180067001F84D4 /* XCRemoteSwiftPackageReference "realm-swift" */,
				2A0D5B3728266BDD002F1542 /* XCRemoteSwiftPackageReference "purchases-ios" */,
			);
			productRefGroup = 2A43EED72817B2C4001BD791 /* Products */;
			projectDirPath = "";
			projectRoot = "";
			targets = (
				2A43EED52817B2C4001BD791 /* RestockList */,
				2A11ACFE2819696E00170751 /* RestockListWidgetExtension */,
			);
		};
/* End PBXProject section */

/* Begin PBXResourcesBuildPhase section */
		2A11ACFD2819696E00170751 /* Resources */ = {
			isa = PBXResourcesBuildPhase;
			buildActionMask = 2147483647;
			files = (
				2A11AD0A2819696F00170751 /* Assets.xcassets in Resources */,
			);
			runOnlyForDeploymentPostprocessing = 0;
		};
		2A43EED42817B2C4001BD791 /* Resources */ = {
			isa = PBXResourcesBuildPhase;
			buildActionMask = 2147483647;
			files = (
				2A43EEE62817B2C5001BD791 /* LaunchScreen.storyboard in Resources */,
				2A43EEE32817B2C5001BD791 /* Assets.xcassets in Resources */,
				2A383D192817BD55000BCAF0 /* Bitmap.png in Resources */,
				2A43EEE12817B2C4001BD791 /* Main.storyboard in Resources */,
				2A383D182817BD55000BCAF0 /* Bitmap@3x.png in Resources */,
				2A383D172817BD55000BCAF0 /* Bitmap@2x.png in Resources */,
			);
			runOnlyForDeploymentPostprocessing = 0;
		};
/* End PBXResourcesBuildPhase section */

/* Begin PBXSourcesBuildPhase section */
		2A11ACFB2819696E00170751 /* Sources */ = {
			isa = PBXSourcesBuildPhase;
			buildActionMask = 2147483647;
			files = (
				2A11AD0C2819696F00170751 /* RestockListWidget.intentdefinition in Sources */,
				2A45CF7D281BC74000671727 /* Item.swift in Sources */,
				2A11AD072819696E00170751 /* RestockListWidget.swift in Sources */,
				2A628C32282107BB00952956 /* realm.swift in Sources */,
			);
			runOnlyForDeploymentPostprocessing = 0;
		};
		2A43EED22817B2C4001BD791 /* Sources */ = {
			isa = PBXSourcesBuildPhase;
			buildActionMask = 2147483647;
			files = (
				2A43EEDE2817B2C4001BD791 /* TableViewController.swift in Sources */,
				2A628C272820A88E00952956 /* Tutorial1ViewController.swift in Sources */,
				2A43EEEE2817B597001BD791 /* EditProtocol.swift in Sources */,
				2A628C2528200D2E00952956 /* ProViewController.swift in Sources */,
				2A55FE41281D151600380AF0 /* NotificationViewController.swift in Sources */,
				2ACEE1132817FF38001F84D4 /* AddViewController.swift in Sources */,
				2A9A8191281E6F6900186477 /* IconViewController.swift in Sources */,
				2A628C2D2820A8BD00952956 /* Tutorial4ViewController.swift in Sources */,
				2A628C292820A8A300952956 /* Tutorial2ViewController.swift in Sources */,
				2A967C11281EBCBF002A2210 /* ThemeViewController.swift in Sources */,
				2A43EEDA2817B2C4001BD791 /* AppDelegate.swift in Sources */,
				2A628C2B2820A8B000952956 /* Tutorial3ViewController.swift in Sources */,
				2A43EEDC2817B2C4001BD791 /* SceneDelegate.swift in Sources */,
				2A935CB92818EEE7001D9ED1 /* SettingViewController.swift in Sources */,
				2A9A8193281E6FB000186477 /* IconCell.swift in Sources */,
				2A628C2F2820A95100952956 /* PageViewController.swift in Sources */,
				2A383D112817B820000BCAF0 /* Item.swift in Sources */,
				2ACEE1112817FF1E001F84D4 /* TableViewCell.swift in Sources */,
				2A11AD0D2819696F00170751 /* RestockListWidget.intentdefinition in Sources */,
				2A628C312821055300952956 /* realm.swift in Sources */,
				2A43EEF02817B5BB001BD791 /* UpdateProtocol.swift in Sources */,
				2ACEE1152817FF51001F84D4 /* EditViewController.swift in Sources */,
			);
			runOnlyForDeploymentPostprocessing = 0;
		};
/* End PBXSourcesBuildPhase section */

/* Begin PBXTargetDependency section */
		2A11AD0F2819696F00170751 /* PBXTargetDependency */ = {
			isa = PBXTargetDependency;
			target = 2A11ACFE2819696E00170751 /* RestockListWidgetExtension */;
			targetProxy = 2A11AD0E2819696F00170751 /* PBXContainerItemProxy */;
		};
/* End PBXTargetDependency section */

/* Begin PBXVariantGroup section */
		2A43EEDF2817B2C4001BD791 /* Main.storyboard */ = {
			isa = PBXVariantGroup;
			children = (
				2A43EEE02817B2C4001BD791 /* Base */,
			);
			name = Main.storyboard;
			sourceTree = "<group>";
		};
		2A43EEE42817B2C5001BD791 /* LaunchScreen.storyboard */ = {
			isa = PBXVariantGroup;
			children = (
				2A43EEE52817B2C5001BD791 /* Base */,
			);
			name = LaunchScreen.storyboard;
			sourceTree = "<group>";
		};
/* End PBXVariantGroup section */

/* Begin XCBuildConfiguration section */
		2A11AD122819696F00170751 /* Debug */ = {
			isa = XCBuildConfiguration;
			buildSettings = {
				ASSETCATALOG_COMPILER_GLOBAL_ACCENT_COLOR_NAME = AccentColor;
				ASSETCATALOG_COMPILER_WIDGET_BACKGROUND_COLOR_NAME = WidgetBackground;
				CODE_SIGN_ENTITLEMENTS = RestockListWidgetExtension.entitlements;
				CODE_SIGN_STYLE = Automatic;
				CURRENT_PROJECT_VERSION = 1;
				DEVELOPMENT_TEAM = 4WXTDSDQPZ;
				GENERATE_INFOPLIST_FILE = YES;
				INFOPLIST_FILE = RestockListWidget/Info.plist;
				INFOPLIST_KEY_CFBundleDisplayName = "消耗品リスト";
				INFOPLIST_KEY_NSHumanReadableCopyright = "";
				IPHONEOS_DEPLOYMENT_TARGET = 15.0;
				LD_RUNPATH_SEARCH_PATHS = (
					"$(inherited)",
					"@executable_path/Frameworks",
					"@executable_path/../../Frameworks",
				);
				MARKETING_VERSION = 1.0;
				PRODUCT_BUNDLE_IDENTIFIER = com.yazujumusa.RestockList.RestockListWidget;
				PRODUCT_NAME = "$(TARGET_NAME)";
				SKIP_INSTALL = YES;
				SWIFT_EMIT_LOC_STRINGS = YES;
				SWIFT_VERSION = 5.0;
				TARGETED_DEVICE_FAMILY = "1,2";
			};
			name = Debug;
		};
		2A11AD132819696F00170751 /* Release */ = {
			isa = XCBuildConfiguration;
			buildSettings = {
				ASSETCATALOG_COMPILER_GLOBAL_ACCENT_COLOR_NAME = AccentColor;
				ASSETCATALOG_COMPILER_WIDGET_BACKGROUND_COLOR_NAME = WidgetBackground;
				CODE_SIGN_ENTITLEMENTS = RestockListWidgetExtension.entitlements;
				CODE_SIGN_STYLE = Automatic;
				CURRENT_PROJECT_VERSION = 1;
				DEVELOPMENT_TEAM = 4WXTDSDQPZ;
				GENERATE_INFOPLIST_FILE = YES;
				INFOPLIST_FILE = RestockListWidget/Info.plist;
				INFOPLIST_KEY_CFBundleDisplayName = "消耗品リスト";
				INFOPLIST_KEY_NSHumanReadableCopyright = "";
				IPHONEOS_DEPLOYMENT_TARGET = 15.0;
				LD_RUNPATH_SEARCH_PATHS = (
					"$(inherited)",
					"@executable_path/Frameworks",
					"@executable_path/../../Frameworks",
				);
				MARKETING_VERSION = 1.0;
				PRODUCT_BUNDLE_IDENTIFIER = com.yazujumusa.RestockList.RestockListWidget;
				PRODUCT_NAME = "$(TARGET_NAME)";
				SKIP_INSTALL = YES;
				SWIFT_EMIT_LOC_STRINGS = YES;
				SWIFT_VERSION = 5.0;
				TARGETED_DEVICE_FAMILY = "1,2";
			};
			name = Release;
		};
		2A43EEE82817B2C5001BD791 /* Debug */ = {
			isa = XCBuildConfiguration;
			buildSettings = {
				ALWAYS_SEARCH_USER_PATHS = NO;
				CLANG_ANALYZER_NONNULL = YES;
				CLANG_ANALYZER_NUMBER_OBJECT_CONVERSION = YES_AGGRESSIVE;
				CLANG_CXX_LANGUAGE_STANDARD = "gnu++17";
				CLANG_ENABLE_MODULES = YES;
				CLANG_ENABLE_OBJC_ARC = YES;
				CLANG_ENABLE_OBJC_WEAK = YES;
				CLANG_WARN_BLOCK_CAPTURE_AUTORELEASING = YES;
				CLANG_WARN_BOOL_CONVERSION = YES;
				CLANG_WARN_COMMA = YES;
				CLANG_WARN_CONSTANT_CONVERSION = YES;
				CLANG_WARN_DEPRECATED_OBJC_IMPLEMENTATIONS = YES;
				CLANG_WARN_DIRECT_OBJC_ISA_USAGE = YES_ERROR;
				CLANG_WARN_DOCUMENTATION_COMMENTS = YES;
				CLANG_WARN_EMPTY_BODY = YES;
				CLANG_WARN_ENUM_CONVERSION = YES;
				CLANG_WARN_INFINITE_RECURSION = YES;
				CLANG_WARN_INT_CONVERSION = YES;
				CLANG_WARN_NON_LITERAL_NULL_CONVERSION = YES;
				CLANG_WARN_OBJC_IMPLICIT_RETAIN_SELF = YES;
				CLANG_WARN_OBJC_LITERAL_CONVERSION = YES;
				CLANG_WARN_OBJC_ROOT_CLASS = YES_ERROR;
				CLANG_WARN_QUOTED_INCLUDE_IN_FRAMEWORK_HEADER = YES;
				CLANG_WARN_RANGE_LOOP_ANALYSIS = YES;
				CLANG_WARN_STRICT_PROTOTYPES = YES;
				CLANG_WARN_SUSPICIOUS_MOVE = YES;
				CLANG_WARN_UNGUARDED_AVAILABILITY = YES_AGGRESSIVE;
				CLANG_WARN_UNREACHABLE_CODE = YES;
				CLANG_WARN__DUPLICATE_METHOD_MATCH = YES;
				COPY_PHASE_STRIP = NO;
				DEBUG_INFORMATION_FORMAT = dwarf;
				ENABLE_STRICT_OBJC_MSGSEND = YES;
				ENABLE_TESTABILITY = YES;
				GCC_C_LANGUAGE_STANDARD = gnu11;
				GCC_DYNAMIC_NO_PIC = NO;
				GCC_NO_COMMON_BLOCKS = YES;
				GCC_OPTIMIZATION_LEVEL = 0;
				GCC_PREPROCESSOR_DEFINITIONS = (
					"DEBUG=1",
					"$(inherited)",
				);
				GCC_WARN_64_TO_32_BIT_CONVERSION = YES;
				GCC_WARN_ABOUT_RETURN_TYPE = YES_ERROR;
				GCC_WARN_UNDECLARED_SELECTOR = YES;
				GCC_WARN_UNINITIALIZED_AUTOS = YES_AGGRESSIVE;
				GCC_WARN_UNUSED_FUNCTION = YES;
				GCC_WARN_UNUSED_VARIABLE = YES;
				IPHONEOS_DEPLOYMENT_TARGET = 15.0;
				MTL_ENABLE_DEBUG_INFO = INCLUDE_SOURCE;
				MTL_FAST_MATH = YES;
				ONLY_ACTIVE_ARCH = YES;
				SDKROOT = iphoneos;
				SWIFT_ACTIVE_COMPILATION_CONDITIONS = DEBUG;
				SWIFT_OPTIMIZATION_LEVEL = "-Onone";
			};
			name = Debug;
		};
		2A43EEE92817B2C5001BD791 /* Release */ = {
			isa = XCBuildConfiguration;
			buildSettings = {
				ALWAYS_SEARCH_USER_PATHS = NO;
				CLANG_ANALYZER_NONNULL = YES;
				CLANG_ANALYZER_NUMBER_OBJECT_CONVERSION = YES_AGGRESSIVE;
				CLANG_CXX_LANGUAGE_STANDARD = "gnu++17";
				CLANG_ENABLE_MODULES = YES;
				CLANG_ENABLE_OBJC_ARC = YES;
				CLANG_ENABLE_OBJC_WEAK = YES;
				CLANG_WARN_BLOCK_CAPTURE_AUTORELEASING = YES;
				CLANG_WARN_BOOL_CONVERSION = YES;
				CLANG_WARN_COMMA = YES;
				CLANG_WARN_CONSTANT_CONVERSION = YES;
				CLANG_WARN_DEPRECATED_OBJC_IMPLEMENTATIONS = YES;
				CLANG_WARN_DIRECT_OBJC_ISA_USAGE = YES_ERROR;
				CLANG_WARN_DOCUMENTATION_COMMENTS = YES;
				CLANG_WARN_EMPTY_BODY = YES;
				CLANG_WARN_ENUM_CONVERSION = YES;
				CLANG_WARN_INFINITE_RECURSION = YES;
				CLANG_WARN_INT_CONVERSION = YES;
				CLANG_WARN_NON_LITERAL_NULL_CONVERSION = YES;
				CLANG_WARN_OBJC_IMPLICIT_RETAIN_SELF = YES;
				CLANG_WARN_OBJC_LITERAL_CONVERSION = YES;
				CLANG_WARN_OBJC_ROOT_CLASS = YES_ERROR;
				CLANG_WARN_QUOTED_INCLUDE_IN_FRAMEWORK_HEADER = YES;
				CLANG_WARN_RANGE_LOOP_ANALYSIS = YES;
				CLANG_WARN_STRICT_PROTOTYPES = YES;
				CLANG_WARN_SUSPICIOUS_MOVE = YES;
				CLANG_WARN_UNGUARDED_AVAILABILITY = YES_AGGRESSIVE;
				CLANG_WARN_UNREACHABLE_CODE = YES;
				CLANG_WARN__DUPLICATE_METHOD_MATCH = YES;
				COPY_PHASE_STRIP = NO;
				DEBUG_INFORMATION_FORMAT = "dwarf-with-dsym";
				ENABLE_NS_ASSERTIONS = NO;
				ENABLE_STRICT_OBJC_MSGSEND = YES;
				GCC_C_LANGUAGE_STANDARD = gnu11;
				GCC_NO_COMMON_BLOCKS = YES;
				GCC_WARN_64_TO_32_BIT_CONVERSION = YES;
				GCC_WARN_ABOUT_RETURN_TYPE = YES_ERROR;
				GCC_WARN_UNDECLARED_SELECTOR = YES;
				GCC_WARN_UNINITIALIZED_AUTOS = YES_AGGRESSIVE;
				GCC_WARN_UNUSED_FUNCTION = YES;
				GCC_WARN_UNUSED_VARIABLE = YES;
				IPHONEOS_DEPLOYMENT_TARGET = 15.0;
				MTL_ENABLE_DEBUG_INFO = NO;
				MTL_FAST_MATH = YES;
				SDKROOT = iphoneos;
				SWIFT_COMPILATION_MODE = wholemodule;
				SWIFT_OPTIMIZATION_LEVEL = "-O";
				VALIDATE_PRODUCT = YES;
			};
			name = Release;
		};
		2A43EEEB2817B2C5001BD791 /* Debug */ = {
			isa = XCBuildConfiguration;
			buildSettings = {
				ALWAYS_EMBED_SWIFT_STANDARD_LIBRARIES = YES;
				ASSETCATALOG_COMPILER_APPICON_NAME = AppIcon0;
				ASSETCATALOG_COMPILER_GLOBAL_ACCENT_COLOR_NAME = AccentColor;
				ASSETCATALOG_COMPILER_INCLUDE_ALL_APPICON_ASSETS = YES;
				CODE_SIGN_ENTITLEMENTS = RestockList/RestockList.entitlements;
				CODE_SIGN_STYLE = Automatic;
				CURRENT_PROJECT_VERSION = 6;
				DEVELOPMENT_TEAM = 4WXTDSDQPZ;
				GENERATE_INFOPLIST_FILE = YES;
				INFOPLIST_FILE = RestockList/Info.plist;
				INFOPLIST_KEY_CFBundleDisplayName = "消耗品リスト";
				INFOPLIST_KEY_UIApplicationSupportsIndirectInputEvents = YES;
				INFOPLIST_KEY_UILaunchStoryboardName = LaunchScreen;
				INFOPLIST_KEY_UIMainStoryboardFile = Main;
				INFOPLIST_KEY_UISupportedInterfaceOrientations_iPad = "UIInterfaceOrientationPortrait UIInterfaceOrientationPortraitUpsideDown UIInterfaceOrientationLandscapeLeft UIInterfaceOrientationLandscapeRight";
				INFOPLIST_KEY_UISupportedInterfaceOrientations_iPhone = UIInterfaceOrientationPortrait;
				IPHONEOS_DEPLOYMENT_TARGET = 15.0;
				LD_RUNPATH_SEARCH_PATHS = (
					"$(inherited)",
					"@executable_path/Frameworks",
				);
				MARKETING_VERSION = 1.0;
				PRODUCT_BUNDLE_IDENTIFIER = com.yazujumusa.RestockList;
				PRODUCT_NAME = "$(TARGET_NAME)";
				SWIFT_EMIT_LOC_STRINGS = YES;
				SWIFT_VERSION = 5.0;
				TARGETED_DEVICE_FAMILY = "1,2";
			};
			name = Debug;
		};
		2A43EEEC2817B2C5001BD791 /* Release */ = {
			isa = XCBuildConfiguration;
			buildSettings = {
				ALWAYS_EMBED_SWIFT_STANDARD_LIBRARIES = YES;
				ASSETCATALOG_COMPILER_APPICON_NAME = AppIcon0;
				ASSETCATALOG_COMPILER_GLOBAL_ACCENT_COLOR_NAME = AccentColor;
				ASSETCATALOG_COMPILER_INCLUDE_ALL_APPICON_ASSETS = YES;
				CODE_SIGN_ENTITLEMENTS = RestockList/RestockList.entitlements;
				CODE_SIGN_STYLE = Automatic;
				CURRENT_PROJECT_VERSION = 6;
				DEVELOPMENT_TEAM = 4WXTDSDQPZ;
				GENERATE_INFOPLIST_FILE = YES;
				INFOPLIST_FILE = RestockList/Info.plist;
				INFOPLIST_KEY_CFBundleDisplayName = "消耗品リスト";
				INFOPLIST_KEY_UIApplicationSupportsIndirectInputEvents = YES;
				INFOPLIST_KEY_UILaunchStoryboardName = LaunchScreen;
				INFOPLIST_KEY_UIMainStoryboardFile = Main;
				INFOPLIST_KEY_UISupportedInterfaceOrientations_iPad = "UIInterfaceOrientationPortrait UIInterfaceOrientationPortraitUpsideDown UIInterfaceOrientationLandscapeLeft UIInterfaceOrientationLandscapeRight";
				INFOPLIST_KEY_UISupportedInterfaceOrientations_iPhone = UIInterfaceOrientationPortrait;
				IPHONEOS_DEPLOYMENT_TARGET = 15.0;
				LD_RUNPATH_SEARCH_PATHS = (
					"$(inherited)",
					"@executable_path/Frameworks",
				);
				MARKETING_VERSION = 1.0;
				PRODUCT_BUNDLE_IDENTIFIER = com.yazujumusa.RestockList;
				PRODUCT_NAME = "$(TARGET_NAME)";
				SWIFT_EMIT_LOC_STRINGS = YES;
				SWIFT_VERSION = 5.0;
				TARGETED_DEVICE_FAMILY = "1,2";
			};
			name = Release;
		};
/* End XCBuildConfiguration section */

/* Begin XCConfigurationList section */
		2A11AD142819696F00170751 /* Build configuration list for PBXNativeTarget "RestockListWidgetExtension" */ = {
			isa = XCConfigurationList;
			buildConfigurations = (
				2A11AD122819696F00170751 /* Debug */,
				2A11AD132819696F00170751 /* Release */,
			);
			defaultConfigurationIsVisible = 0;
			defaultConfigurationName = Release;
		};
		2A43EED12817B2C4001BD791 /* Build configuration list for PBXProject "RestockList" */ = {
			isa = XCConfigurationList;
			buildConfigurations = (
				2A43EEE82817B2C5001BD791 /* Debug */,
				2A43EEE92817B2C5001BD791 /* Release */,
			);
			defaultConfigurationIsVisible = 0;
			defaultConfigurationName = Release;
		};
		2A43EEEA2817B2C5001BD791 /* Build configuration list for PBXNativeTarget "RestockList" */ = {
			isa = XCConfigurationList;
			buildConfigurations = (
				2A43EEEB2817B2C5001BD791 /* Debug */,
				2A43EEEC2817B2C5001BD791 /* Release */,
			);
			defaultConfigurationIsVisible = 0;
			defaultConfigurationName = Release;
		};
/* End XCConfigurationList section */

/* Begin XCRemoteSwiftPackageReference section */
		2A0D5B3728266BDD002F1542 /* XCRemoteSwiftPackageReference "purchases-ios" */ = {
			isa = XCRemoteSwiftPackageReference;
			repositoryURL = "https://github.com/RevenueCat/purchases-ios.git";
			requirement = {
				branch = main;
				kind = branch;
			};
		};
		2ACEE11628180067001F84D4 /* XCRemoteSwiftPackageReference "realm-swift" */ = {
			isa = XCRemoteSwiftPackageReference;
			repositoryURL = "https://github.com/realm/realm-swift.git";
			requirement = {
				branch = master;
				kind = branch;
			};
		};
/* End XCRemoteSwiftPackageReference section */

/* Begin XCSwiftPackageProductDependency section */
		2A013623281A7F4B0083402F /* RealmSwift */ = {
			isa = XCSwiftPackageProductDependency;
			package = 2ACEE11628180067001F84D4 /* XCRemoteSwiftPackageReference "realm-swift" */;
			productName = RealmSwift;
		};
		2A013625281A7F500083402F /* Realm */ = {
			isa = XCSwiftPackageProductDependency;
			package = 2ACEE11628180067001F84D4 /* XCRemoteSwiftPackageReference "realm-swift" */;
			productName = Realm;
		};
		2A0D5B3828266BDD002F1542 /* RevenueCat */ = {
			isa = XCSwiftPackageProductDependency;
			package = 2A0D5B3728266BDD002F1542 /* XCRemoteSwiftPackageReference "purchases-ios" */;
			productName = RevenueCat;
		};
		2ACEE11728180067001F84D4 /* RealmSwift */ = {
			isa = XCSwiftPackageProductDependency;
			package = 2ACEE11628180067001F84D4 /* XCRemoteSwiftPackageReference "realm-swift" */;
			productName = RealmSwift;
		};
/* End XCSwiftPackageProductDependency section */
	};
	rootObject = 2A43EECE2817B2C4001BD791 /* Project object */;
}
